PODS:
  - Branch (0.33.1):
    - Branch/Core (= 0.33.1)
  - Branch/Core (0.33.1)
  - Flutter (1.0.0)
  - flutter_branch_sdk (1.0.0):
    - Branch (~> 0.33.0)
    - Flutter

DEPENDENCIES:
  - Flutter (from `Flutter`)
  - flutter_branch_sdk (from `.symlinks/plugins/flutter_branch_sdk/ios`)

SPEC REPOS:
  trunk:
    - Branch

EXTERNAL SOURCES:
  Flutter:
    :path: Flutter
  flutter_branch_sdk:
    :path: ".symlinks/plugins/flutter_branch_sdk/ios"

SPEC CHECKSUMS:
  Branch: 65d05ffb137ef504777cff6bd4fb6f770f17145a
  Flutter: 0e3d915762c693b495b44d77113d4970485de6ec
  flutter_branch_sdk: f9a0245d641c7543991f85444ed1079cc57ca4b3

PODFILE CHECKSUM: c34e2287a9ccaa606aeceab922830efb9a6ff69a

COCOAPODS: 1.9.3
